
Microsoft Visual Studio Solution File, Format Version 12.00
# Visual Studio Version 17
VisualStudioVersion = 17.14.36109.1 d17.14
MinimumVisualStudioVersion = 10.0.40219.1
Project("{FAE04EC0-301F-11D3-BF4B-00C04F79EFBC}") = "AgeCalculator", "AgeCalculator.csproj", "{00D1E949-D00F-47DD-95D6-28EDA0483C1E}"
EndProject
Global
	GlobalSection(SolutionConfigurationPlatforms) = preSolution
		Debug|Any CPU = Debug|Any CPU
		Release|Any CPU = Release|Any CPU
	EndGlobalSection
	GlobalSection(ProjectConfigurationPlatforms) = postSolution
		{00D1E949-D00F-47DD-95D6-28EDA0483C1E}.Debug|Any CPU.ActiveCfg = Debug|Any CPU
		{00D1E949-D00F-47DD-95D6-28EDA0483C1E}.Debug|Any CPU.Build.0 = Debug|Any CPU
		{00D1E949-D00F-47DD-95D6-28EDA0483C1E}.Release|Any CPU.ActiveCfg = Release|Any CPU
		{00D1E949-D00F-47DD-95D6-28EDA0483C1E}.Release|Any CPU.Build.0 = Release|Any CPU
	EndGlobalSection
	GlobalSection(SolutionProperties) = preSolution
		HideSolutionNode = FALSE
	EndGlobalSection
	GlobalSection(ExtensibilityGlobals) = postSolution
		SolutionGuid = {DE5CC658-DF87-4D30-85FE-8D287AD72329}
	EndGlobalSection
EndGlobal
